// !$*UTF8*$!
{
	archiveVersion = 1;
	classes = {
	};
	objectVersion = 56;
	objects = {

/* Begin PBXBuildFile section */
		E25B817E2B97FB16009864BB /* elevateApp.swift in Sources */ = {isa = PBXBuildFile; fileRef = E25B817D2B97FB16009864BB /* elevateApp.swift */; };
		E25B81802B97FB16009864BB /* ContentView.swift in Sources */ = {isa = PBXBuildFile; fileRef = E25B817F2B97FB16009864BB /* ContentView.swift */; };
		E25B81822B97FB16009864BB /* Item.swift in Sources */ = {isa = PBXBuildFile; fileRef = E25B81812B97FB16009864BB /* Item.swift */; };
		E25B81842B97FB17009864BB /* Assets.xcassets in Resources */ = {isa = PBXBuildFile; fileRef = E25B81832B97FB17009864BB /* Assets.xcassets */; };
		E25B81872B97FB17009864BB /* Preview Assets.xcassets in Resources */ = {isa = PBXBuildFile; fileRef = E25B81862B97FB17009864BB /* Preview Assets.xcassets */; };
		E25B81912B98003F009864BB /* SavedVideosView.swift in Sources */ = {isa = PBXBuildFile; fileRef = E25B81902B98003F009864BB /* SavedVideosView.swift */; };
		E25B81932B98051A009864BB /* ARFaceTrackingView.swift in Sources */ = {isa = PBXBuildFile; fileRef = E25B81922B98051A009864BB /* ARFaceTrackingView.swift */; };
		E25B81952B9807ED009864BB /* CameraManager.swift in Sources */ = {isa = PBXBuildFile; fileRef = E25B81942B9807ED009864BB /* CameraManager.swift */; };
		E25B81992B98226E009864BB /*  VideoRecordingView.swift in Sources */ = {isa = PBXBuildFile; fileRef = E25B81982B98226E009864BB /*  VideoRecordingView.swift */; };
		E25B819B2B98235B009864BB /* VideoScreen.swift in Sources */ = {isa = PBXBuildFile; fileRef = E25B819A2B98235B009864BB /* VideoScreen.swift */; };
		E25B819D2B98237C009864BB /* TagPopup.swift in Sources */ = {isa = PBXBuildFile; fileRef = E25B819C2B98237C009864BB /* TagPopup.swift */; };
		E25B819F2B9823CE009864BB /* RecordingListScreen.swift in Sources */ = {isa = PBXBuildFile; fileRef = E25B819E2B9823CE009864BB /* RecordingListScreen.swift */; };
		E25B81A12B982413009864BB /* Recording.swift in Sources */ = {isa = PBXBuildFile; fileRef = E25B81A02B982413009864BB /* Recording.swift */; };
/* End PBXBuildFile section */

/* Begin PBXFileReference section */
		E25B817A2B97FB16009864BB /* elevate.app */ = {isa = PBXFileReference; explicitFileType = wrapper.application; includeInIndex = 0; path = elevate.app; sourceTree = BUILT_PRODUCTS_DIR; };
		E25B817D2B97FB16009864BB /* elevateApp.swift */ = {isa = PBXFileReference; lastKnownFileType = sourcecode.swift; path = elevateApp.swift; sourceTree = "<group>"; };
		E25B817F2B97FB16009864BB /* ContentView.swift */ = {isa = PBXFileReference; lastKnownFileType = sourcecode.swift; path = ContentView.swift; sourceTree = "<group>"; };
		E25B81812B97FB16009864BB /* Item.swift */ = {isa = PBXFileReference; lastKnownFileType = sourcecode.swift; path = Item.swift; sourceTree = "<group>"; };
		E25B81832B97FB17009864BB /* Assets.xcassets */ = {isa = PBXFileReference; lastKnownFileType = folder.assetcatalog; path = Assets.xcassets; sourceTree = "<group>"; };
		E25B81862B97FB17009864BB /* Preview Assets.xcassets */ = {isa = PBXFileReference; lastKnownFileType = folder.assetcatalog; path = "Preview Assets.xcassets"; sourceTree = "<group>"; };
		E25B81882B97FB17009864BB /* Info.plist */ = {isa = PBXFileReference; lastKnownFileType = text.plist.xml; path = Info.plist; sourceTree = "<group>"; };
		E25B81902B98003F009864BB /* SavedVideosView.swift */ = {isa = PBXFileReference; lastKnownFileType = sourcecode.swift; path = SavedVideosView.swift; sourceTree = "<group>"; };
		E25B81922B98051A009864BB /* ARFaceTrackingView.swift */ = {isa = PBXFileReference; lastKnownFileType = sourcecode.swift; path = ARFaceTrackingView.swift; sourceTree = "<group>"; };
		E25B81942B9807ED009864BB /* CameraManager.swift */ = {isa = PBXFileReference; lastKnownFileType = sourcecode.swift; path = CameraManager.swift; sourceTree = "<group>"; };
		E25B81982B98226E009864BB /*  VideoRecordingView.swift */ = {isa = PBXFileReference; lastKnownFileType = sourcecode.swift; path = " VideoRecordingView.swift"; sourceTree = "<group>"; };
		E25B819A2B98235B009864BB /* VideoScreen.swift */ = {isa = PBXFileReference; lastKnownFileType = sourcecode.swift; path = VideoScreen.swift; sourceTree = "<group>"; };
		E25B819C2B98237C009864BB /* TagPopup.swift */ = {isa = PBXFileReference; lastKnownFileType = sourcecode.swift; path = TagPopup.swift; sourceTree = "<group>"; };
		E25B819E2B9823CE009864BB /* RecordingListScreen.swift */ = {isa = PBXFileReference; lastKnownFileType = sourcecode.swift; path = RecordingListScreen.swift; sourceTree = "<group>"; };
		E25B81A02B982413009864BB /* Recording.swift */ = {isa = PBXFileReference; lastKnownFileType = sourcecode.swift; path = Recording.swift; sourceTree = "<group>"; };
/* End PBXFileReference section */

/* Begin PBXFrameworksBuildPhase section */
		E25B81772B97FB16009864BB /* Frameworks */ = {
			isa = PBXFrameworksBuildPhase;
			buildActionMask = 2147483647;
			files = (
			);
			runOnlyForDeploymentPostprocessing = 0;
		};
/* End PBXFrameworksBuildPhase section */

/* Begin PBXGroup section */
		E25B81712B97FB15009864BB = {
			isa = PBXGroup;
			children = (
				E25B817C2B97FB16009864BB /* elevate */,
				E25B817B2B97FB16009864BB /* Products */,
			);
			sourceTree = "<group>";
		};
		E25B817B2B97FB16009864BB /* Products */ = {
			isa = PBXGroup;
			children = (
				E25B817A2B97FB16009864BB /* elevate.app */,
			);
			name = Products;
			sourceTree = "<group>";
		};
		E25B817C2B97FB16009864BB /* elevate */ = {
			isa = PBXGroup;
			children = (
				E25B817D2B97FB16009864BB /* elevateApp.swift */,
				E25B817F2B97FB16009864BB /* ContentView.swift */,
				E25B81812B97FB16009864BB /* Item.swift */,
				E25B81832B97FB17009864BB /* Assets.xcassets */,
				E25B81882B97FB17009864BB /* Info.plist */,
				E25B81852B97FB17009864BB /* Preview Content */,
				E25B81902B98003F009864BB /* SavedVideosView.swift */,
				E25B81922B98051A009864BB /* ARFaceTrackingView.swift */,
				E25B81942B9807ED009864BB /* CameraManager.swift */,
				E25B81982B98226E009864BB /*  VideoRecordingView.swift */,
				E25B819A2B98235B009864BB /* VideoScreen.swift */,
				E25B819C2B98237C009864BB /* TagPopup.swift */,
				E25B819E2B9823CE009864BB /* RecordingListScreen.swift */,
				E25B81A02B982413009864BB /* Recording.swift */,
			);
			path = elevate;
			sourceTree = "<group>";
		};
		E25B81852B97FB17009864BB /* Preview Content */ = {
			isa = PBXGroup;
			children = (
				E25B81862B97FB17009864BB /* Preview Assets.xcassets */,
			);
			path = "Preview Content";
			sourceTree = "<group>";
		};
/* End PBXGroup section */

/* Begin PBXNativeTarget section */
		E25B81792B97FB16009864BB /* elevate */ = {
			isa = PBXNativeTarget;
			buildConfigurationList = E25B818B2B97FB17009864BB /* Build configuration list for PBXNativeTarget "elevate" */;
			buildPhases = (
				E25B81762B97FB16009864BB /* Sources */,
				E25B81772B97FB16009864BB /* Frameworks */,
				E25B81782B97FB16009864BB /* Resources */,
			);
			buildRules = (
			);
			dependencies = (
			);
			name = elevate;
			productName = elevate;
			productReference = E25B817A2B97FB16009864BB /* elevate.app */;
			productType = "com.apple.product-type.application";
		};
/* End PBXNativeTarget section */

/* Begin PBXProject section */
		E25B81722B97FB15009864BB /* Project object */ = {
			isa = PBXProject;
			attributes = {
				BuildIndependentTargetsInParallel = 1;
				LastSwiftUpdateCheck = 1520;
				LastUpgradeCheck = 1520;
				TargetAttributes = {
					E25B81792B97FB16009864BB = {
						CreatedOnToolsVersion = 15.2;
					};
				};
			};
			buildConfigurationList = E25B81752B97FB15009864BB /* Build configuration list for PBXProject "elevate" */;
			compatibilityVersion = "Xcode 14.0";
			developmentRegion = en;
			hasScannedForEncodings = 0;
			knownRegions = (
				en,
				Base,
			);
			mainGroup = E25B81712B97FB15009864BB;
			productRefGroup = E25B817B2B97FB16009864BB /* Products */;
			projectDirPath = "";
			projectRoot = "";
			targets = (
				E25B81792B97FB16009864BB /* elevate */,
			);
		};
/* End PBXProject section */

/* Begin PBXResourcesBuildPhase section */
		E25B81782B97FB16009864BB /* Resources */ = {
			isa = PBXResourcesBuildPhase;
			buildActionMask = 2147483647;
			files = (
				E25B81872B97FB17009864BB /* Preview Assets.xcassets in Resources */,
				E25B81842B97FB17009864BB /* Assets.xcassets in Resources */,
			);
			runOnlyForDeploymentPostprocessing = 0;
		};
/* End PBXResourcesBuildPhase section */

/* Begin PBXSourcesBuildPhase section */
		E25B81762B97FB16009864BB /* Sources */ = {
			isa = PBXSourcesBuildPhase;
			buildActionMask = 2147483647;
			files = (
				E25B81A12B982413009864BB /* Recording.swift in Sources */,
				E25B81802B97FB16009864BB /* ContentView.swift in Sources */,
				E25B81952B9807ED009864BB /* CameraManager.swift in Sources */,
				E25B819D2B98237C009864BB /* TagPopup.swift in Sources */,
				E25B819F2B9823CE009864BB /* RecordingListScreen.swift in Sources */,
				E25B81912B98003F009864BB /* SavedVideosView.swift in Sources */,
				E25B819B2B98235B009864BB /* VideoScreen.swift in Sources */,
				E25B81992B98226E009864BB /*  VideoRecordingView.swift in Sources */,
				E25B81822B97FB16009864BB /* Item.swift in Sources */,
				E25B81932B98051A009864BB /* ARFaceTrackingView.swift in Sources */,
				E25B817E2B97FB16009864BB /* elevateApp.swift in Sources */,
			);
			runOnlyForDeploymentPostprocessing = 0;
		};
/* End PBXSourcesBuildPhase section */

/* Begin XCBuildConfiguration section */
		E25B81892B97FB17009864BB /* Debug */ = {
			isa = XCBuildConfiguration;
			buildSettings = {
				ALWAYS_SEARCH_USER_PATHS = NO;
				ASSETCATALOG_COMPILER_GENERATE_SWIFT_ASSET_SYMBOL_EXTENSIONS = YES;
				CLANG_ANALYZER_NONNULL = YES;
				CLANG_ANALYZER_NUMBER_OBJECT_CONVERSION = YES_AGGRESSIVE;
				CLANG_CXX_LANGUAGE_STANDARD = "gnu++20";
				CLANG_ENABLE_MODULES = YES;
				CLANG_ENABLE_OBJC_ARC = YES;
				CLANG_ENABLE_OBJC_WEAK = YES;
				CLANG_WARN_BLOCK_CAPTURE_AUTORELEASING = YES;
				CLANG_WARN_BOOL_CONVERSION = YES;
				CLANG_WARN_COMMA = YES;
				CLANG_WARN_CONSTANT_CONVERSION = YES;
				CLANG_WARN_DEPRECATED_OBJC_IMPLEMENTATIONS = YES;
				CLANG_WARN_DIRECT_OBJC_ISA_USAGE = YES_ERROR;
				CLANG_WARN_DOCUMENTATION_COMMENTS = YES;
				CLANG_WARN_EMPTY_BODY = YES;
				CLANG_WARN_ENUM_CONVERSION = YES;
				CLANG_WARN_INFINITE_RECURSION = YES;
				CLANG_WARN_INT_CONVERSION = YES;
				CLANG_WARN_NON_LITERAL_NULL_CONVERSION = YES;
				CLANG_WARN_OBJC_IMPLICIT_RETAIN_SELF = YES;
				CLANG_WARN_OBJC_LITERAL_CONVERSION = YES;
				CLANG_WARN_OBJC_ROOT_CLASS = YES_ERROR;
				CLANG_WARN_QUOTED_INCLUDE_IN_FRAMEWORK_HEADER = YES;
				CLANG_WARN_RANGE_LOOP_ANALYSIS = YES;
				CLANG_WARN_STRICT_PROTOTYPES = YES;
				CLANG_WARN_SUSPICIOUS_MOVE = YES;
				CLANG_WARN_UNGUARDED_AVAILABILITY = YES_AGGRESSIVE;
				CLANG_WARN_UNREACHABLE_CODE = YES;
				CLANG_WARN__DUPLICATE_METHOD_MATCH = YES;
				COPY_PHASE_STRIP = NO;
				DEBUG_INFORMATION_FORMAT = dwarf;
				ENABLE_STRICT_OBJC_MSGSEND = YES;
				ENABLE_TESTABILITY = YES;
				ENABLE_USER_SCRIPT_SANDBOXING = YES;
				GCC_C_LANGUAGE_STANDARD = gnu17;
				GCC_DYNAMIC_NO_PIC = NO;
				GCC_NO_COMMON_BLOCKS = YES;
				GCC_OPTIMIZATION_LEVEL = 0;
				GCC_PREPROCESSOR_DEFINITIONS = (
					"DEBUG=1",
					"$(inherited)",
				);
				GCC_WARN_64_TO_32_BIT_CONVERSION = YES;
				GCC_WARN_ABOUT_RETURN_TYPE = YES_ERROR;
				GCC_WARN_UNDECLARED_SELECTOR = YES;
				GCC_WARN_UNINITIALIZED_AUTOS = YES_AGGRESSIVE;
				GCC_WARN_UNUSED_FUNCTION = YES;
				GCC_WARN_UNUSED_VARIABLE = YES;
				IPHONEOS_DEPLOYMENT_TARGET = 17.2;
				LOCALIZATION_PREFERS_STRING_CATALOGS = YES;
				MTL_ENABLE_DEBUG_INFO = INCLUDE_SOURCE;
				MTL_FAST_MATH = YES;
				ONLY_ACTIVE_ARCH = YES;
				SDKROOT = iphoneos;
				SWIFT_ACTIVE_COMPILATION_CONDITIONS = "DEBUG $(inherited)";
				SWIFT_OPTIMIZATION_LEVEL = "-Onone";
			};
			name = Debug;
		};
		E25B818A2B97FB17009864BB /* Release */ = {
			isa = XCBuildConfiguration;
			buildSettings = {
				ALWAYS_SEARCH_USER_PATHS = NO;
				ASSETCATALOG_COMPILER_GENERATE_SWIFT_ASSET_SYMBOL_EXTENSIONS = YES;
				CLANG_ANALYZER_NONNULL = YES;
				CLANG_ANALYZER_NUMBER_OBJECT_CONVERSION = YES_AGGRESSIVE;
				CLANG_CXX_LANGUAGE_STANDARD = "gnu++20";
				CLANG_ENABLE_MODULES = YES;
				CLANG_ENABLE_OBJC_ARC = YES;
				CLANG_ENABLE_OBJC_WEAK = YES;
				CLANG_WARN_BLOCK_CAPTURE_AUTORELEASING = YES;
				CLANG_WARN_BOOL_CONVERSION = YES;
				CLANG_WARN_COMMA = YES;
				CLANG_WARN_CONSTANT_CONVERSION = YES;
				CLANG_WARN_DEPRECATED_OBJC_IMPLEMENTATIONS = YES;
				CLANG_WARN_DIRECT_OBJC_ISA_USAGE = YES_ERROR;
				CLANG_WARN_DOCUMENTATION_COMMENTS = YES;
				CLANG_WARN_EMPTY_BODY = YES;
				CLANG_WARN_ENUM_CONVERSION = YES;
				CLANG_WARN_INFINITE_RECURSION = YES;
				CLANG_WARN_INT_CONVERSION = YES;
				CLANG_WARN_NON_LITERAL_NULL_CONVERSION = YES;
				CLANG_WARN_OBJC_IMPLICIT_RETAIN_SELF = YES;
				CLANG_WARN_OBJC_LITERAL_CONVERSION = YES;
				CLANG_WARN_OBJC_ROOT_CLASS = YES_ERROR;
				CLANG_WARN_QUOTED_INCLUDE_IN_FRAMEWORK_HEADER = YES;
				CLANG_WARN_RANGE_LOOP_ANALYSIS = YES;
				CLANG_WARN_STRICT_PROTOTYPES = YES;
				CLANG_WARN_SUSPICIOUS_MOVE = YES;
				CLANG_WARN_UNGUARDED_AVAILABILITY = YES_AGGRESSIVE;
				CLANG_WARN_UNREACHABLE_CODE = YES;
				CLANG_WARN__DUPLICATE_METHOD_MATCH = YES;
				COPY_PHASE_STRIP = NO;
				DEBUG_INFORMATION_FORMAT = "dwarf-with-dsym";
				ENABLE_NS_ASSERTIONS = NO;
				ENABLE_STRICT_OBJC_MSGSEND = YES;
				ENABLE_USER_SCRIPT_SANDBOXING = YES;
				GCC_C_LANGUAGE_STANDARD = gnu17;
				GCC_NO_COMMON_BLOCKS = YES;
				GCC_WARN_64_TO_32_BIT_CONVERSION = YES;
				GCC_WARN_ABOUT_RETURN_TYPE = YES_ERROR;
				GCC_WARN_UNDECLARED_SELECTOR = YES;
				GCC_WARN_UNINITIALIZED_AUTOS = YES_AGGRESSIVE;
				GCC_WARN_UNUSED_FUNCTION = YES;
				GCC_WARN_UNUSED_VARIABLE = YES;
				IPHONEOS_DEPLOYMENT_TARGET = 17.2;
				LOCALIZATION_PREFERS_STRING_CATALOGS = YES;
				MTL_ENABLE_DEBUG_INFO = NO;
				MTL_FAST_MATH = YES;
				SDKROOT = iphoneos;
				SWIFT_COMPILATION_MODE = wholemodule;
				VALIDATE_PRODUCT = YES;
			};
			name = Release;
		};
		E25B818C2B97FB17009864BB /* Debug */ = {
			isa = XCBuildConfiguration;
			buildSettings = {
				ASSETCATALOG_COMPILER_APPICON_NAME = AppIcon;
				ASSETCATALOG_COMPILER_GLOBAL_ACCENT_COLOR_NAME = AccentColor;
				CODE_SIGN_STYLE = Automatic;
				CURRENT_PROJECT_VERSION = 1;
				DEVELOPMENT_ASSET_PATHS = "\"elevate/Preview Content\"";
				DEVELOPMENT_TEAM = GLBPABZYCP;
				ENABLE_PREVIEWS = YES;
				GENERATE_INFOPLIST_FILE = YES;
				INFOPLIST_FILE = elevate/Info.plist;
				INFOPLIST_KEY_UIApplicationSceneManifest_Generation = YES;
				INFOPLIST_KEY_UIApplicationSupportsIndirectInputEvents = YES;
				INFOPLIST_KEY_UILaunchScreen_Generation = YES;
				INFOPLIST_KEY_UISupportedInterfaceOrientations_iPad = "UIInterfaceOrientationPortrait UIInterfaceOrientationPortraitUpsideDown UIInterfaceOrientationLandscapeLeft UIInterfaceOrientationLandscapeRight";
				INFOPLIST_KEY_UISupportedInterfaceOrientations_iPhone = "UIInterfaceOrientationPortrait UIInterfaceOrientationLandscapeLeft UIInterfaceOrientationLandscapeRight";
				INFOPLIST_KEY_UISupportsDocumentBrowser = YES;
				LD_RUNPATH_SEARCH_PATHS = (
					"$(inherited)",
					"@executable_path/Frameworks",
				);
				MARKETING_VERSION = 1.0;
				PRODUCT_BUNDLE_IDENTIFIER = com.elevate.iosapp.elevate;
				PRODUCT_NAME = "$(TARGET_NAME)";
				SWIFT_EMIT_LOC_STRINGS = YES;
				SWIFT_VERSION = 5.0;
				TARGETED_DEVICE_FAMILY = "1,2";
			};
			name = Debug;
		};
		E25B818D2B97FB17009864BB /* Release */ = {
			isa = XCBuildConfiguration;
			buildSettings = {
				ASSETCATALOG_COMPILER_APPICON_NAME = AppIcon;
				ASSETCATALOG_COMPILER_GLOBAL_ACCENT_COLOR_NAME = AccentColor;
				CODE_SIGN_STYLE = Automatic;
				CURRENT_PROJECT_VERSION = 1;
				DEVELOPMENT_ASSET_PATHS = "\"elevate/Preview Content\"";
				DEVELOPMENT_TEAM = GLBPABZYCP;
				ENABLE_PREVIEWS = YES;
				GENERATE_INFOPLIST_FILE = YES;
				INFOPLIST_FILE = elevate/Info.plist;
				INFOPLIST_KEY_UIApplicationSceneManifest_Generation = YES;
				INFOPLIST_KEY_UIApplicationSupportsIndirectInputEvents = YES;
				INFOPLIST_KEY_UILaunchScreen_Generation = YES;
				INFOPLIST_KEY_UISupportedInterfaceOrientations_iPad = "UIInterfaceOrientationPortrait UIInterfaceOrientationPortraitUpsideDown UIInterfaceOrientationLandscapeLeft UIInterfaceOrientationLandscapeRight";
				INFOPLIST_KEY_UISupportedInterfaceOrientations_iPhone = "UIInterfaceOrientationPortrait UIInterfaceOrientationLandscapeLeft UIInterfaceOrientationLandscapeRight";
				INFOPLIST_KEY_UISupportsDocumentBrowser = YES;
				LD_RUNPATH_SEARCH_PATHS = (
					"$(inherited)",
					"@executable_path/Frameworks",
				);
				MARKETING_VERSION = 1.0;
				PRODUCT_BUNDLE_IDENTIFIER = com.elevate.iosapp.elevate;
				PRODUCT_NAME = "$(TARGET_NAME)";
				SWIFT_EMIT_LOC_STRINGS = YES;
				SWIFT_VERSION = 5.0;
				TARGETED_DEVICE_FAMILY = "1,2";
			};
			name = Release;
		};
/* End XCBuildConfiguration section */

/* Begin XCConfigurationList section */
		E25B81752B97FB15009864BB /* Build configuration list for PBXProject "elevate" */ = {
			isa = XCConfigurationList;
			buildConfigurations = (
				E25B81892B97FB17009864BB /* Debug */,
				E25B818A2B97FB17009864BB /* Release */,
			);
			defaultConfigurationIsVisible = 0;
			defaultConfigurationName = Release;
		};
		E25B818B2B97FB17009864BB /* Build configuration list for PBXNativeTarget "elevate" */ = {
			isa = XCConfigurationList;
			buildConfigurations = (
				E25B818C2B97FB17009864BB /* Debug */,
				E25B818D2B97FB17009864BB /* Release */,
			);
			defaultConfigurationIsVisible = 0;
			defaultConfigurationName = Release;
		};
/* End XCConfigurationList section */
	};
	rootObject = E25B81722B97FB15009864BB /* Project object */;
}
